// !$*UTF8*$!
{
	archiveVersion = 1;
	classes = {
	};
	objectVersion = 77;
	objects = {

/* Begin PBXBuildFile section */
		555B19E72D517E9A003D8AFC /* README.md in Resources */ = {isa = PBXBuildFile; fileRef = 555B19E62D517E91003D8AFC /* README.md */; };
/* End PBXBuildFile section */

/* Begin PBXContainerItemProxy section */
		55CD86BE2D49FBD4003A88D8 /* PBXContainerItemProxy */ = {
			isa = PBXContainerItemProxy;
			containerPortal = 55CD86A02D49FBD3003A88D8 /* Project object */;
			proxyType = 1;
			remoteGlobalIDString = 55CD86A72D49FBD3003A88D8;
			remoteInfo = zonaly;
		};
		55CD86C82D49FBD4003A88D8 /* PBXContainerItemProxy */ = {
			isa = PBXContainerItemProxy;
			containerPortal = 55CD86A02D49FBD3003A88D8 /* Project object */;
			proxyType = 1;
			remoteGlobalIDString = 55CD86A72D49FBD3003A88D8;
			remoteInfo = zonaly;
		};
/* End PBXContainerItemProxy section */

/* Begin PBXFileReference section */
		555B19E62D517E91003D8AFC /* README.md */ = {isa = PBXFileReference; lastKnownFileType = net.daringfireball.markdown; path = README.md; sourceTree = "<group>"; };
		55CD86A82D49FBD3003A88D8 /* zonaly.app */ = {isa = PBXFileReference; explicitFileType = wrapper.application; includeInIndex = 0; path = zonaly.app; sourceTree = BUILT_PRODUCTS_DIR; };
		55CD86BD2D49FBD4003A88D8 /* zonalyTests.xctest */ = {isa = PBXFileReference; explicitFileType = wrapper.cfbundle; includeInIndex = 0; path = zonalyTests.xctest; sourceTree = BUILT_PRODUCTS_DIR; };
		55CD86C72D49FBD4003A88D8 /* zonalyUITests.xctest */ = {isa = PBXFileReference; explicitFileType = wrapper.cfbundle; includeInIndex = 0; path = zonalyUITests.xctest; sourceTree = BUILT_PRODUCTS_DIR; };
/* End PBXFileReference section */

/* Begin PBXFileSystemSynchronizedRootGroup section */
		55CD86AA2D49FBD3003A88D8 /* zonaly */ = {
			isa = PBXFileSystemSynchronizedRootGroup;
			path = zonaly;
			sourceTree = "<group>";
		};
		55CD86C02D49FBD4003A88D8 /* zonalyTests */ = {
			isa = PBXFileSystemSynchronizedRootGroup;
			path = zonalyTests;
			sourceTree = "<group>";
		};
		55CD86CA2D49FBD4003A88D8 /* zonalyUITests */ = {
			isa = PBXFileSystemSynchronizedRootGroup;
			path = zonalyUITests;
			sourceTree = "<group>";
		};
/* End PBXFileSystemSynchronizedRootGroup section */

/* Begin PBXFrameworksBuildPhase section */
		55CD86A52D49FBD3003A88D8 /* Frameworks */ = {
			isa = PBXFrameworksBuildPhase;
			buildActionMask = 2147483647;
			files = (
			);
			runOnlyForDeploymentPostprocessing = 0;
		};
		55CD86BA2D49FBD4003A88D8 /* Frameworks */ = {
			isa = PBXFrameworksBuildPhase;
			buildActionMask = 2147483647;
			files = (
			);
			runOnlyForDeploymentPostprocessing = 0;
		};
		55CD86C42D49FBD4003A88D8 /* Frameworks */ = {
			isa = PBXFrameworksBuildPhase;
			buildActionMask = 2147483647;
			files = (
			);
			runOnlyForDeploymentPostprocessing = 0;
		};
/* End PBXFrameworksBuildPhase section */

/* Begin PBXGroup section */
		55CD869F2D49FBD3003A88D8 = {
			isa = PBXGroup;
			children = (
				555B19E62D517E91003D8AFC /* README.md */,
				55CD86AA2D49FBD3003A88D8 /* zonaly */,
				55CD86C02D49FBD4003A88D8 /* zonalyTests */,
				55CD86CA2D49FBD4003A88D8 /* zonalyUITests */,
				55CD86A92D49FBD3003A88D8 /* Products */,
			);
			sourceTree = "<group>";
		};
		55CD86A92D49FBD3003A88D8 /* Products */ = {
			isa = PBXGroup;
			children = (
				55CD86A82D49FBD3003A88D8 /* zonaly.app */,
				55CD86BD2D49FBD4003A88D8 /* zonalyTests.xctest */,
				55CD86C72D49FBD4003A88D8 /* zonalyUITests.xctest */,
			);
			name = Products;
			sourceTree = "<group>";
		};
/* End PBXGroup section */

/* Begin PBXNativeTarget section */
		55CD86A72D49FBD3003A88D8 /* zonaly */ = {
			isa = PBXNativeTarget;
			buildConfigurationList = 55CD86D12D49FBD4003A88D8 /* Build configuration list for PBXNativeTarget "zonaly" */;
			buildPhases = (
				55CD86A42D49FBD3003A88D8 /* Sources */,
				55CD86A52D49FBD3003A88D8 /* Frameworks */,
				55CD86A62D49FBD3003A88D8 /* Resources */,
			);
			buildRules = (
			);
			dependencies = (
			);
			fileSystemSynchronizedGroups = (
				55CD86AA2D49FBD3003A88D8 /* zonaly */,
			);
			name = zonaly;
			packageProductDependencies = (
			);
			productName = zonaly;
			productReference = 55CD86A82D49FBD3003A88D8 /* zonaly.app */;
			productType = "com.apple.product-type.application";
		};
		55CD86BC2D49FBD4003A88D8 /* zonalyTests */ = {
			isa = PBXNativeTarget;
			buildConfigurationList = 55CD86D42D49FBD4003A88D8 /* Build configuration list for PBXNativeTarget "zonalyTests" */;
			buildPhases = (
				55CD86B92D49FBD4003A88D8 /* Sources */,
				55CD86BA2D49FBD4003A88D8 /* Frameworks */,
				55CD86BB2D49FBD4003A88D8 /* Resources */,
			);
			buildRules = (
			);
			dependencies = (
				55CD86BF2D49FBD4003A88D8 /* PBXTargetDependency */,
			);
			fileSystemSynchronizedGroups = (
				55CD86C02D49FBD4003A88D8 /* zonalyTests */,
			);
			name = zonalyTests;
			packageProductDependencies = (
			);
			productName = zonalyTests;
			productReference = 55CD86BD2D49FBD4003A88D8 /* zonalyTests.xctest */;
			productType = "com.apple.product-type.bundle.unit-test";
		};
		55CD86C62D49FBD4003A88D8 /* zonalyUITests */ = {
			isa = PBXNativeTarget;
			buildConfigurationList = 55CD86D72D49FBD4003A88D8 /* Build configuration list for PBXNativeTarget "zonalyUITests" */;
			buildPhases = (
				55CD86C32D49FBD4003A88D8 /* Sources */,
				55CD86C42D49FBD4003A88D8 /* Frameworks */,
				55CD86C52D49FBD4003A88D8 /* Resources */,
			);
			buildRules = (
			);
			dependencies = (
				55CD86C92D49FBD4003A88D8 /* PBXTargetDependency */,
			);
			fileSystemSynchronizedGroups = (
				55CD86CA2D49FBD4003A88D8 /* zonalyUITests */,
			);
			name = zonalyUITests;
			packageProductDependencies = (
			);
			productName = zonalyUITests;
			productReference = 55CD86C72D49FBD4003A88D8 /* zonalyUITests.xctest */;
			productType = "com.apple.product-type.bundle.ui-testing";
		};
/* End PBXNativeTarget section */

/* Begin PBXProject section */
		55CD86A02D49FBD3003A88D8 /* Project object */ = {
			isa = PBXProject;
			attributes = {
				BuildIndependentTargetsInParallel = 1;
				LastSwiftUpdateCheck = 1620;
				LastUpgradeCheck = 1620;
				TargetAttributes = {
					55CD86A72D49FBD3003A88D8 = {
						CreatedOnToolsVersion = 16.2;
					};
					55CD86BC2D49FBD4003A88D8 = {
						CreatedOnToolsVersion = 16.2;
						TestTargetID = 55CD86A72D49FBD3003A88D8;
					};
					55CD86C62D49FBD4003A88D8 = {
						CreatedOnToolsVersion = 16.2;
						TestTargetID = 55CD86A72D49FBD3003A88D8;
					};
				};
			};
			buildConfigurationList = 55CD86A32D49FBD3003A88D8 /* Build configuration list for PBXProject "zonaly" */;
			developmentRegion = en;
			hasScannedForEncodings = 0;
			knownRegions = (
				en,
				Base,
			);
			mainGroup = 55CD869F2D49FBD3003A88D8;
			minimizedProjectReferenceProxies = 1;
			preferredProjectObjectVersion = 77;
			productRefGroup = 55CD86A92D49FBD3003A88D8 /* Products */;
			projectDirPath = "";
			projectRoot = "";
			targets = (
				55CD86A72D49FBD3003A88D8 /* zonaly */,
				55CD86BC2D49FBD4003A88D8 /* zonalyTests */,
				55CD86C62D49FBD4003A88D8 /* zonalyUITests */,
			);
		};
/* End PBXProject section */

/* Begin PBXResourcesBuildPhase section */
		55CD86A62D49FBD3003A88D8 /* Resources */ = {
			isa = PBXResourcesBuildPhase;
			buildActionMask = 2147483647;
			files = (
				555B19E72D517E9A003D8AFC /* README.md in Resources */,
			);
			runOnlyForDeploymentPostprocessing = 0;
		};
		55CD86BB2D49FBD4003A88D8 /* Resources */ = {
			isa = PBXResourcesBuildPhase;
			buildActionMask = 2147483647;
			files = (
			);
			runOnlyForDeploymentPostprocessing = 0;
		};
		55CD86C52D49FBD4003A88D8 /* Resources */ = {
			isa = PBXResourcesBuildPhase;
			buildActionMask = 2147483647;
			files = (
			);
			runOnlyForDeploymentPostprocessing = 0;
		};
/* End PBXResourcesBuildPhase section */

/* Begin PBXSourcesBuildPhase section */
		55CD86A42D49FBD3003A88D8 /* Sources */ = {
			isa = PBXSourcesBuildPhase;
			buildActionMask = 2147483647;
			files = (
			);
			runOnlyForDeploymentPostprocessing = 0;
		};
		55CD86B92D49FBD4003A88D8 /* Sources */ = {
			isa = PBXSourcesBuildPhase;
			buildActionMask = 2147483647;
			files = (
			);
			runOnlyForDeploymentPostprocessing = 0;
		};
		55CD86C32D49FBD4003A88D8 /* Sources */ = {
			isa = PBXSourcesBuildPhase;
			buildActionMask = 2147483647;
			files = (
			);
			runOnlyForDeploymentPostprocessing = 0;
		};
/* End PBXSourcesBuildPhase section */

/* Begin PBXTargetDependency section */
		55CD86BF2D49FBD4003A88D8 /* PBXTargetDependency */ = {
			isa = PBXTargetDependency;
			target = 55CD86A72D49FBD3003A88D8 /* zonaly */;
			targetProxy = 55CD86BE2D49FBD4003A88D8 /* PBXContainerItemProxy */;
		};
		55CD86C92D49FBD4003A88D8 /* PBXTargetDependency */ = {
			isa = PBXTargetDependency;
			target = 55CD86A72D49FBD3003A88D8 /* zonaly */;
			targetProxy = 55CD86C82D49FBD4003A88D8 /* PBXContainerItemProxy */;
		};
/* End PBXTargetDependency section */

/* Begin XCBuildConfiguration section */
		55CD86CF2D49FBD4003A88D8 /* Debug */ = {
			isa = XCBuildConfiguration;
			buildSettings = {
				ALWAYS_SEARCH_USER_PATHS = NO;
				ASSETCATALOG_COMPILER_GENERATE_SWIFT_ASSET_SYMBOL_EXTENSIONS = YES;
				CLANG_ANALYZER_NONNULL = YES;
				CLANG_ANALYZER_NUMBER_OBJECT_CONVERSION = YES_AGGRESSIVE;
				CLANG_CXX_LANGUAGE_STANDARD = "gnu++20";
				CLANG_ENABLE_MODULES = YES;
				CLANG_ENABLE_OBJC_ARC = YES;
				CLANG_ENABLE_OBJC_WEAK = YES;
				CLANG_WARN_BLOCK_CAPTURE_AUTORELEASING = YES;
				CLANG_WARN_BOOL_CONVERSION = YES;
				CLANG_WARN_COMMA = YES;
				CLANG_WARN_CONSTANT_CONVERSION = YES;
				CLANG_WARN_DEPRECATED_OBJC_IMPLEMENTATIONS = YES;
				CLANG_WARN_DIRECT_OBJC_ISA_USAGE = YES_ERROR;
				CLANG_WARN_DOCUMENTATION_COMMENTS = YES;
				CLANG_WARN_EMPTY_BODY = YES;
				CLANG_WARN_ENUM_CONVERSION = YES;
				CLANG_WARN_INFINITE_RECURSION = YES;
				CLANG_WARN_INT_CONVERSION = YES;
				CLANG_WARN_NON_LITERAL_NULL_CONVERSION = YES;
				CLANG_WARN_OBJC_IMPLICIT_RETAIN_SELF = YES;
				CLANG_WARN_OBJC_LITERAL_CONVERSION = YES;
				CLANG_WARN_OBJC_ROOT_CLASS = YES_ERROR;
				CLANG_WARN_QUOTED_INCLUDE_IN_FRAMEWORK_HEADER = YES;
				CLANG_WARN_RANGE_LOOP_ANALYSIS = YES;
				CLANG_WARN_STRICT_PROTOTYPES = YES;
				CLANG_WARN_SUSPICIOUS_MOVE = YES;
				CLANG_WARN_UNGUARDED_AVAILABILITY = YES_AGGRESSIVE;
				CLANG_WARN_UNREACHABLE_CODE = YES;
				CLANG_WARN__DUPLICATE_METHOD_MATCH = YES;
				COPY_PHASE_STRIP = NO;
				DEBUG_INFORMATION_FORMAT = dwarf;
				ENABLE_STRICT_OBJC_MSGSEND = YES;
				ENABLE_TESTABILITY = YES;
				ENABLE_USER_SCRIPT_SANDBOXING = YES;
				GCC_C_LANGUAGE_STANDARD = gnu17;
				GCC_DYNAMIC_NO_PIC = NO;
				GCC_NO_COMMON_BLOCKS = YES;
				GCC_OPTIMIZATION_LEVEL = 0;
				GCC_PREPROCESSOR_DEFINITIONS = (
					"DEBUG=1",
					"$(inherited)",
				);
				GCC_WARN_64_TO_32_BIT_CONVERSION = YES;
				GCC_WARN_ABOUT_RETURN_TYPE = YES_ERROR;
				GCC_WARN_UNDECLARED_SELECTOR = YES;
				GCC_WARN_UNINITIALIZED_AUTOS = YES_AGGRESSIVE;
				GCC_WARN_UNUSED_FUNCTION = YES;
				GCC_WARN_UNUSED_VARIABLE = YES;
				IPHONEOS_DEPLOYMENT_TARGET = 18.2;
				LOCALIZATION_PREFERS_STRING_CATALOGS = YES;
				MTL_ENABLE_DEBUG_INFO = INCLUDE_SOURCE;
				MTL_FAST_MATH = YES;
				ONLY_ACTIVE_ARCH = YES;
				SDKROOT = iphoneos;
				SWIFT_ACTIVE_COMPILATION_CONDITIONS = "DEBUG $(inherited)";
				SWIFT_OPTIMIZATION_LEVEL = "-Onone";
			};
			name = Debug;
		};
		55CD86D02D49FBD4003A88D8 /* Release */ = {
			isa = XCBuildConfiguration;
			buildSettings = {
				ALWAYS_SEARCH_USER_PATHS = NO;
				ASSETCATALOG_COMPILER_GENERATE_SWIFT_ASSET_SYMBOL_EXTENSIONS = YES;
				CLANG_ANALYZER_NONNULL = YES;
				CLANG_ANALYZER_NUMBER_OBJECT_CONVERSION = YES_AGGRESSIVE;
				CLANG_CXX_LANGUAGE_STANDARD = "gnu++20";
				CLANG_ENABLE_MODULES = YES;
				CLANG_ENABLE_OBJC_ARC = YES;
				CLANG_ENABLE_OBJC_WEAK = YES;
				CLANG_WARN_BLOCK_CAPTURE_AUTORELEASING = YES;
				CLANG_WARN_BOOL_CONVERSION = YES;
				CLANG_WARN_COMMA = YES;
				CLANG_WARN_CONSTANT_CONVERSION = YES;
				CLANG_WARN_DEPRECATED_OBJC_IMPLEMENTATIONS = YES;
				CLANG_WARN_DIRECT_OBJC_ISA_USAGE = YES_ERROR;
				CLANG_WARN_DOCUMENTATION_COMMENTS = YES;
				CLANG_WARN_EMPTY_BODY = YES;
				CLANG_WARN_ENUM_CONVERSION = YES;
				CLANG_WARN_INFINITE_RECURSION = YES;
				CLANG_WARN_INT_CONVERSION = YES;
				CLANG_WARN_NON_LITERAL_NULL_CONVERSION = YES;
				CLANG_WARN_OBJC_IMPLICIT_RETAIN_SELF = YES;
				CLANG_WARN_OBJC_LITERAL_CONVERSION = YES;
				CLANG_WARN_OBJC_ROOT_CLASS = YES_ERROR;
				CLANG_WARN_QUOTED_INCLUDE_IN_FRAMEWORK_HEADER = YES;
				CLANG_WARN_RANGE_LOOP_ANALYSIS = YES;
				CLANG_WARN_STRICT_PROTOTYPES = YES;
				CLANG_WARN_SUSPICIOUS_MOVE = YES;
				CLANG_WARN_UNGUARDED_AVAILABILITY = YES_AGGRESSIVE;
				CLANG_WARN_UNREACHABLE_CODE = YES;
				CLANG_WARN__DUPLICATE_METHOD_MATCH = YES;
				COPY_PHASE_STRIP = NO;
				DEBUG_INFORMATION_FORMAT = "dwarf-with-dsym";
				ENABLE_NS_ASSERTIONS = NO;
				ENABLE_STRICT_OBJC_MSGSEND = YES;
				ENABLE_USER_SCRIPT_SANDBOXING = YES;
				GCC_C_LANGUAGE_STANDARD = gnu17;
				GCC_NO_COMMON_BLOCKS = YES;
				GCC_WARN_64_TO_32_BIT_CONVERSION = YES;
				GCC_WARN_ABOUT_RETURN_TYPE = YES_ERROR;
				GCC_WARN_UNDECLARED_SELECTOR = YES;
				GCC_WARN_UNINITIALIZED_AUTOS = YES_AGGRESSIVE;
				GCC_WARN_UNUSED_FUNCTION = YES;
				GCC_WARN_UNUSED_VARIABLE = YES;
				IPHONEOS_DEPLOYMENT_TARGET = 18.2;
				LOCALIZATION_PREFERS_STRING_CATALOGS = YES;
				MTL_ENABLE_DEBUG_INFO = NO;
				MTL_FAST_MATH = YES;
				SDKROOT = iphoneos;
				SWIFT_COMPILATION_MODE = wholemodule;
				VALIDATE_PRODUCT = YES;
			};
			name = Release;
		};
		55CD86D22D49FBD4003A88D8 /* Debug */ = {
			isa = XCBuildConfiguration;
			buildSettings = {
				ASSETCATALOG_COMPILER_APPICON_NAME = AppIcon;
				ASSETCATALOG_COMPILER_GLOBAL_ACCENT_COLOR_NAME = AccentColor;
				CODE_SIGN_STYLE = Automatic;
				CURRENT_PROJECT_VERSION = 1;
				DEVELOPMENT_ASSET_PATHS = "\"zonaly/Preview Content\"";
				DEVELOPMENT_TEAM = 7BV4328YE9;
				ENABLE_PREVIEWS = YES;
				GENERATE_INFOPLIST_FILE = YES;
				INFOPLIST_KEY_UIApplicationSceneManifest_Generation = YES;
				INFOPLIST_KEY_UIApplicationSupportsIndirectInputEvents = YES;
				INFOPLIST_KEY_UILaunchScreen_Generation = YES;
				INFOPLIST_KEY_UISupportedInterfaceOrientations_iPad = "UIInterfaceOrientationPortrait UIInterfaceOrientationPortraitUpsideDown UIInterfaceOrientationLandscapeLeft UIInterfaceOrientationLandscapeRight";
				INFOPLIST_KEY_UISupportedInterfaceOrientations_iPhone = "UIInterfaceOrientationPortrait UIInterfaceOrientationLandscapeLeft UIInterfaceOrientationLandscapeRight";
				LD_RUNPATH_SEARCH_PATHS = (
					"$(inherited)",
					"@executable_path/Frameworks",
				);
				MARKETING_VERSION = 1.0;
				PRODUCT_BUNDLE_IDENTIFIER = com.trevor.zonaly;
				PRODUCT_NAME = "$(TARGET_NAME)";
				SWIFT_EMIT_LOC_STRINGS = YES;
				SWIFT_VERSION = 5.0;
				TARGETED_DEVICE_FAMILY = "1,2";
			};
			name = Debug;
		};
		55CD86D32D49FBD4003A88D8 /* Release */ = {
			isa = XCBuildConfiguration;
			buildSettings = {
				ASSETCATALOG_COMPILER_APPICON_NAME = AppIcon;
				ASSETCATALOG_COMPILER_GLOBAL_ACCENT_COLOR_NAME = AccentColor;
				CODE_SIGN_STYLE = Automatic;
				CURRENT_PROJECT_VERSION = 1;
				DEVELOPMENT_ASSET_PATHS = "\"zonaly/Preview Content\"";
				DEVELOPMENT_TEAM = 7BV4328YE9;
				ENABLE_PREVIEWS = YES;
				GENERATE_INFOPLIST_FILE = YES;
				INFOPLIST_KEY_UIApplicationSceneManifest_Generation = YES;
				INFOPLIST_KEY_UIApplicationSupportsIndirectInputEvents = YES;
				INFOPLIST_KEY_UILaunchScreen_Generation = YES;
				INFOPLIST_KEY_UISupportedInterfaceOrientations_iPad = "UIInterfaceOrientationPortrait UIInterfaceOrientationPortraitUpsideDown UIInterfaceOrientationLandscapeLeft UIInterfaceOrientationLandscapeRight";
				INFOPLIST_KEY_UISupportedInterfaceOrientations_iPhone = "UIInterfaceOrientationPortrait UIInterfaceOrientationLandscapeLeft UIInterfaceOrientationLandscapeRight";
				LD_RUNPATH_SEARCH_PATHS = (
					"$(inherited)",
					"@executable_path/Frameworks",
				);
				MARKETING_VERSION = 1.0;
				PRODUCT_BUNDLE_IDENTIFIER = com.trevor.zonaly;
				PRODUCT_NAME = "$(TARGET_NAME)";
				SWIFT_EMIT_LOC_STRINGS = YES;
				SWIFT_VERSION = 5.0;
				TARGETED_DEVICE_FAMILY = "1,2";
			};
			name = Release;
		};
		55CD86D52D49FBD4003A88D8 /* Debug */ = {
			isa = XCBuildConfiguration;
			buildSettings = {
				BUNDLE_LOADER = "$(TEST_HOST)";
				CODE_SIGN_STYLE = Automatic;
				CURRENT_PROJECT_VERSION = 1;
				DEVELOPMENT_TEAM = 7BV4328YE9;
				GENERATE_INFOPLIST_FILE = YES;
				IPHONEOS_DEPLOYMENT_TARGET = 18.2;
				MARKETING_VERSION = 1.0;
				PRODUCT_BUNDLE_IDENTIFIER = com.trevor.zonalyTests;
				PRODUCT_NAME = "$(TARGET_NAME)";
				SWIFT_EMIT_LOC_STRINGS = NO;
				SWIFT_VERSION = 5.0;
				TARGETED_DEVICE_FAMILY = "1,2";
				TEST_HOST = "$(BUILT_PRODUCTS_DIR)/zonaly.app/$(BUNDLE_EXECUTABLE_FOLDER_PATH)/zonaly";
			};
			name = Debug;
		};
		55CD86D62D49FBD4003A88D8 /* Release */ = {
			isa = XCBuildConfiguration;
			buildSettings = {
				BUNDLE_LOADER = "$(TEST_HOST)";
				CODE_SIGN_STYLE = Automatic;
				CURRENT_PROJECT_VERSION = 1;
				DEVELOPMENT_TEAM = 7BV4328YE9;
				GENERATE_INFOPLIST_FILE = YES;
				IPHONEOS_DEPLOYMENT_TARGET = 18.2;
				MARKETING_VERSION = 1.0;
				PRODUCT_BUNDLE_IDENTIFIER = com.trevor.zonalyTests;
				PRODUCT_NAME = "$(TARGET_NAME)";
				SWIFT_EMIT_LOC_STRINGS = NO;
				SWIFT_VERSION = 5.0;
				TARGETED_DEVICE_FAMILY = "1,2";
				TEST_HOST = "$(BUILT_PRODUCTS_DIR)/zonaly.app/$(BUNDLE_EXECUTABLE_FOLDER_PATH)/zonaly";
			};
			name = Release;
		};
		55CD86D82D49FBD4003A88D8 /* Debug */ = {
			isa = XCBuildConfiguration;
			buildSettings = {
				CODE_SIGN_STYLE = Automatic;
				CURRENT_PROJECT_VERSION = 1;
				DEVELOPMENT_TEAM = 7BV4328YE9;
				GENERATE_INFOPLIST_FILE = YES;
				MARKETING_VERSION = 1.0;
				PRODUCT_BUNDLE_IDENTIFIER = com.trevor.zonalyUITests;
				PRODUCT_NAME = "$(TARGET_NAME)";
				SWIFT_EMIT_LOC_STRINGS = NO;
				SWIFT_VERSION = 5.0;
				TARGETED_DEVICE_FAMILY = "1,2";
				TEST_TARGET_NAME = zonaly;
			};
			name = Debug;
		};
		55CD86D92D49FBD4003A88D8 /* Release */ = {
			isa = XCBuildConfiguration;
			buildSettings = {
				CODE_SIGN_STYLE = Automatic;
				CURRENT_PROJECT_VERSION = 1;
				DEVELOPMENT_TEAM = 7BV4328YE9;
				GENERATE_INFOPLIST_FILE = YES;
				MARKETING_VERSION = 1.0;
				PRODUCT_BUNDLE_IDENTIFIER = com.trevor.zonalyUITests;
				PRODUCT_NAME = "$(TARGET_NAME)";
				SWIFT_EMIT_LOC_STRINGS = NO;
				SWIFT_VERSION = 5.0;
				TARGETED_DEVICE_FAMILY = "1,2";
				TEST_TARGET_NAME = zonaly;
			};
			name = Release;
		};
/* End XCBuildConfiguration section */

/* Begin XCConfigurationList section */
		55CD86A32D49FBD3003A88D8 /* Build configuration list for PBXProject "zonaly" */ = {
			isa = XCConfigurationList;
			buildConfigurations = (
				55CD86CF2D49FBD4003A88D8 /* Debug */,
				55CD86D02D49FBD4003A88D8 /* Release */,
			);
			defaultConfigurationIsVisible = 0;
			defaultConfigurationName = Release;
		};
		55CD86D12D49FBD4003A88D8 /* Build configuration list for PBXNativeTarget "zonaly" */ = {
			isa = XCConfigurationList;
			buildConfigurations = (
				55CD86D22D49FBD4003A88D8 /* Debug */,
				55CD86D32D49FBD4003A88D8 /* Release */,
			);
			defaultConfigurationIsVisible = 0;
			defaultConfigurationName = Release;
		};
		55CD86D42D49FBD4003A88D8 /* Build configuration list for PBXNativeTarget "zonalyTests" */ = {
			isa = XCConfigurationList;
			buildConfigurations = (
				55CD86D52D49FBD4003A88D8 /* Debug */,
				55CD86D62D49FBD4003A88D8 /* Release */,
			);
			defaultConfigurationIsVisible = 0;
			defaultConfigurationName = Release;
		};
		55CD86D72D49FBD4003A88D8 /* Build configuration list for PBXNativeTarget "zonalyUITests" */ = {
			isa = XCConfigurationList;
			buildConfigurations = (
				55CD86D82D49FBD4003A88D8 /* Debug */,
				55CD86D92D49FBD4003A88D8 /* Release */,
			);
			defaultConfigurationIsVisible = 0;
			defaultConfigurationName = Release;
		};
/* End XCConfigurationList section */
	};
	rootObject = 55CD86A02D49FBD3003A88D8 /* Project object */;
}
